<Solution>
  <Folder Name="/src/">
    <Project Path="src/GymManagement.Api/GymManagement.Api.csproj" />
    <Project Path="src/GymManagement.Application/GymManagement.Application.csproj" />
    <Project Path="src/GymManagement.Contracts/GymManagement.Contracts.csproj" />
    <Project Path="src/GymManagement.Domain/GymManagement.Domain.csproj" />
    <Project Path="src/GymManagement.Infrastructure/GymManagement.Infrastructure.csproj" />
  </Folder>
</Solution>
